// !$*UTF8*$!
{
	archiveVersion = 1;
	classes = {
	};
	objectVersion = 46;
	objects = {

/* Begin PBXBuildFile section */
		27016C421DD12420004D98C3 /* OpenCV.mm in Sources */ = {isa = PBXBuildFile; fileRef = 27016C411DD12420004D98C3 /* OpenCV.mm */; };
		27AF3D241DCCD4B4005A727A /* AppDelegate.swift in Sources */ = {isa = PBXBuildFile; fileRef = 27AF3D231DCCD4B4005A727A /* AppDelegate.swift */; };
		27AF3D261DCCD4B4005A727A /* CameraViewController.swift in Sources */ = {isa = PBXBuildFile; fileRef = 27AF3D251DCCD4B4005A727A /* CameraViewController.swift */; };
		27AF3D2B1DCCD4B4005A727A /* Main.storyboard in Resources */ = {isa = PBXBuildFile; fileRef = 27AF3D291DCCD4B4005A727A /* Main.storyboard */; };
		27AF3D2D1DCCD4B4005A727A /* Assets.xcassets in Resources */ = {isa = PBXBuildFile; fileRef = 27AF3D2C1DCCD4B4005A727A /* Assets.xcassets */; };
		27AF3D301DCCD4B4005A727A /* LaunchScreen.storyboard in Resources */ = {isa = PBXBuildFile; fileRef = 27AF3D2E1DCCD4B4005A727A /* LaunchScreen.storyboard */; };
		27FD093F1DD38CEB000ACF10 /* CameraStreamController.swift in Sources */ = {isa = PBXBuildFile; fileRef = 27FD093E1DD38CEB000ACF10 /* CameraStreamController.swift */; };
		CD243B321DD9A9E20083FFC7 /* RoundSofa_01.jpg in Resources */ = {isa = PBXBuildFile; fileRef = CD243B301DD9A9E20083FFC7 /* RoundSofa_01.jpg */; };
		CD243B331DD9A9E20083FFC7 /* RoundSofa_02.jpg in Resources */ = {isa = PBXBuildFile; fileRef = CD243B311DD9A9E20083FFC7 /* RoundSofa_02.jpg */; };
		CD243B351DD9A9EF0083FFC7 /* RoundSofa.obj in Resources */ = {isa = PBXBuildFile; fileRef = CD243B341DD9A9EF0083FFC7 /* RoundSofa.obj */; };
		CD243B3B1DD9AE0E0083FFC7 /* RoomPlanner.xcdatamodeld in Sources */ = {isa = PBXBuildFile; fileRef = CD243B391DD9AE0E0083FFC7 /* RoomPlanner.xcdatamodeld */; };
		CD243B3D1DD9B81D0083FFC7 /* ModelObject.swift in Sources */ = {isa = PBXBuildFile; fileRef = CD243B3C1DD9B81D0083FFC7 /* ModelObject.swift */; };
		CD243B3F1DD9BA820083FFC7 /* DataHelper.swift in Sources */ = {isa = PBXBuildFile; fileRef = CD243B3E1DD9BA820083FFC7 /* DataHelper.swift */; };
		D24868EE1DCF6A2900F74375 /* GLHelper.swift in Sources */ = {isa = PBXBuildFile; fileRef = D24868ED1DCF6A2900F74375 /* GLHelper.swift */; };
		D28AE3A01DD25B64009E8CDD /* wall.jpg in Resources */ = {isa = PBXBuildFile; fileRef = D28AE39F1DD25B64009E8CDD /* wall.jpg */; };
		D2926BD41DDC8C12004BE72B /* room.jpg in Resources */ = {isa = PBXBuildFile; fileRef = D2926BD31DDC8C12004BE72B /* room.jpg */; };
		D2D615261DCF74B100E9C726 /* plane.vsh in Resources */ = {isa = PBXBuildFile; fileRef = D2D615251DCF74B100E9C726 /* plane.vsh */; };
		D2D615281DCF74FF00E9C726 /* plane.fsh in Resources */ = {isa = PBXBuildFile; fileRef = D2D615271DCF74FF00E9C726 /* plane.fsh */; };
		D2E079FB1DCF30B5002C38E1 /* OpenGLES.framework in Frameworks */ = {isa = PBXBuildFile; fileRef = D2E079FA1DCF30B4002C38E1 /* OpenGLES.framework */; };
		D2E079FD1DCF3111002C38E1 /* GLKit.framework in Frameworks */ = {isa = PBXBuildFile; fileRef = D2E079FC1DCF3111002C38E1 /* GLKit.framework */; };
		D2E079FF1DCF46CF002C38E1 /* Renderable.swift in Sources */ = {isa = PBXBuildFile; fileRef = D2E079FE1DCF46CF002C38E1 /* Renderable.swift */; };
		D2FEA31F1DDF059600438A11 /* RenderView.swift in Sources */ = {isa = PBXBuildFile; fileRef = D2FEA31E1DDF059600438A11 /* RenderView.swift */; };
		F55BA708D70586F78A496FC2 /* Pods_RoomPlanner.framework in Frameworks */ = {isa = PBXBuildFile; fileRef = 908915E69450BA76D6F9AD24 /* Pods_RoomPlanner.framework */; };
/* End PBXBuildFile section */

/* Begin PBXFileReference section */
		152F717A71497D29B914BE78 /* Pods-RoomPlanner.debug.xcconfig */ = {isa = PBXFileReference; includeInIndex = 1; lastKnownFileType = text.xcconfig; name = "Pods-RoomPlanner.debug.xcconfig"; path = "Pods/Target Support Files/Pods-RoomPlanner/Pods-RoomPlanner.debug.xcconfig"; sourceTree = "<group>"; };
		27016C3F1DD12420004D98C3 /* RoomPlanner-Bridging-Header.h */ = {isa = PBXFileReference; lastKnownFileType = sourcecode.c.h; path = "RoomPlanner-Bridging-Header.h"; sourceTree = "<group>"; };
		27016C401DD12420004D98C3 /* OpenCV.h */ = {isa = PBXFileReference; fileEncoding = 4; lastKnownFileType = sourcecode.c.h; path = OpenCV.h; sourceTree = "<group>"; };
		27016C411DD12420004D98C3 /* OpenCV.mm */ = {isa = PBXFileReference; fileEncoding = 4; lastKnownFileType = sourcecode.cpp.objcpp; path = OpenCV.mm; sourceTree = "<group>"; };
		276FBFB61DD78BC400E5A629 /* opencv2.framework */ = {isa = PBXFileReference; lastKnownFileType = wrapper.framework; name = opencv2.framework; path = Pods/OpenCV/opencv2.framework; sourceTree = "<group>"; };
		27AF3D201DCCD4B4005A727A /* RoomPlanner.app */ = {isa = PBXFileReference; explicitFileType = wrapper.application; includeInIndex = 0; path = RoomPlanner.app; sourceTree = BUILT_PRODUCTS_DIR; };
		27AF3D231DCCD4B4005A727A /* AppDelegate.swift */ = {isa = PBXFileReference; lastKnownFileType = sourcecode.swift; path = AppDelegate.swift; sourceTree = "<group>"; };
		27AF3D251DCCD4B4005A727A /* CameraViewController.swift */ = {isa = PBXFileReference; lastKnownFileType = sourcecode.swift; path = CameraViewController.swift; sourceTree = "<group>"; };
		27AF3D2A1DCCD4B4005A727A /* Base */ = {isa = PBXFileReference; lastKnownFileType = file.storyboard; name = Base; path = Base.lproj/Main.storyboard; sourceTree = "<group>"; };
		27AF3D2C1DCCD4B4005A727A /* Assets.xcassets */ = {isa = PBXFileReference; lastKnownFileType = folder.assetcatalog; path = Assets.xcassets; sourceTree = "<group>"; };
		27AF3D2F1DCCD4B4005A727A /* Base */ = {isa = PBXFileReference; lastKnownFileType = file.storyboard; name = Base; path = Base.lproj/LaunchScreen.storyboard; sourceTree = "<group>"; };
		27AF3D311DCCD4B4005A727A /* Info.plist */ = {isa = PBXFileReference; lastKnownFileType = text.plist.xml; path = Info.plist; sourceTree = "<group>"; };
		27FD093E1DD38CEB000ACF10 /* CameraStreamController.swift */ = {isa = PBXFileReference; fileEncoding = 4; lastKnownFileType = sourcecode.swift; path = CameraStreamController.swift; sourceTree = "<group>"; };
		908915E69450BA76D6F9AD24 /* Pods_RoomPlanner.framework */ = {isa = PBXFileReference; explicitFileType = wrapper.framework; includeInIndex = 0; path = Pods_RoomPlanner.framework; sourceTree = BUILT_PRODUCTS_DIR; };
		93F644106BCAFE659E67ABDF /* Pods-RoomPlanner.release.xcconfig */ = {isa = PBXFileReference; includeInIndex = 1; lastKnownFileType = text.xcconfig; name = "Pods-RoomPlanner.release.xcconfig"; path = "Pods/Target Support Files/Pods-RoomPlanner/Pods-RoomPlanner.release.xcconfig"; sourceTree = "<group>"; };
		CD243B301DD9A9E20083FFC7 /* RoundSofa_01.jpg */ = {isa = PBXFileReference; lastKnownFileType = image.jpeg; path = RoundSofa_01.jpg; sourceTree = "<group>"; };
		CD243B311DD9A9E20083FFC7 /* RoundSofa_02.jpg */ = {isa = PBXFileReference; lastKnownFileType = image.jpeg; path = RoundSofa_02.jpg; sourceTree = "<group>"; };
		CD243B341DD9A9EF0083FFC7 /* RoundSofa.obj */ = {isa = PBXFileReference; fileEncoding = 4; lastKnownFileType = text; path = RoundSofa.obj; sourceTree = "<group>"; };
		CD243B3A1DD9AE0E0083FFC7 /* RoomPlanner.xcdatamodel */ = {isa = PBXFileReference; lastKnownFileType = wrapper.xcdatamodel; path = RoomPlanner.xcdatamodel; sourceTree = "<group>"; };
		CD243B3C1DD9B81D0083FFC7 /* ModelObject.swift */ = {isa = PBXFileReference; fileEncoding = 4; lastKnownFileType = sourcecode.swift; path = ModelObject.swift; sourceTree = "<group>"; };
		CD243B3E1DD9BA820083FFC7 /* DataHelper.swift */ = {isa = PBXFileReference; fileEncoding = 4; lastKnownFileType = sourcecode.swift; path = DataHelper.swift; sourceTree = "<group>"; };
		D24868ED1DCF6A2900F74375 /* GLHelper.swift */ = {isa = PBXFileReference; fileEncoding = 4; lastKnownFileType = sourcecode.swift; path = GLHelper.swift; sourceTree = "<group>"; };
		D28AE39F1DD25B64009E8CDD /* wall.jpg */ = {isa = PBXFileReference; lastKnownFileType = image.jpeg; path = wall.jpg; sourceTree = "<group>"; };
		D2926BD31DDC8C12004BE72B /* room.jpg */ = {isa = PBXFileReference; lastKnownFileType = image.jpeg; path = room.jpg; sourceTree = "<group>"; };
		D2D615251DCF74B100E9C726 /* plane.vsh */ = {isa = PBXFileReference; fileEncoding = 4; lastKnownFileType = sourcecode.glsl; path = plane.vsh; sourceTree = "<group>"; };
		D2D615271DCF74FF00E9C726 /* plane.fsh */ = {isa = PBXFileReference; explicitFileType = sourcecode.glsl; fileEncoding = 4; path = plane.fsh; sourceTree = "<group>"; };
		D2E079FA1DCF30B4002C38E1 /* OpenGLES.framework */ = {isa = PBXFileReference; lastKnownFileType = wrapper.framework; name = OpenGLES.framework; path = System/Library/Frameworks/OpenGLES.framework; sourceTree = SDKROOT; };
		D2E079FC1DCF3111002C38E1 /* GLKit.framework */ = {isa = PBXFileReference; lastKnownFileType = wrapper.framework; name = GLKit.framework; path = System/Library/Frameworks/GLKit.framework; sourceTree = SDKROOT; };
		D2E079FE1DCF46CF002C38E1 /* Renderable.swift */ = {isa = PBXFileReference; fileEncoding = 4; lastKnownFileType = sourcecode.swift; path = Renderable.swift; sourceTree = "<group>"; };
		D2FEA31D1DDEFFC800438A11 /* ROUNDSOFA.mat */ = {isa = PBXFileReference; lastKnownFileType = file; path = ROUNDSOFA.mat; sourceTree = "<group>"; };
		D2FEA31E1DDF059600438A11 /* RenderView.swift */ = {isa = PBXFileReference; fileEncoding = 4; lastKnownFileType = sourcecode.swift; path = RenderView.swift; sourceTree = "<group>"; };
/* End PBXFileReference section */

/* Begin PBXFrameworksBuildPhase section */
		27AF3D1D1DCCD4B4005A727A /* Frameworks */ = {
			isa = PBXFrameworksBuildPhase;
			buildActionMask = 2147483647;
			files = (
				D2E079FD1DCF3111002C38E1 /* GLKit.framework in Frameworks */,
				D2E079FB1DCF30B5002C38E1 /* OpenGLES.framework in Frameworks */,
				F55BA708D70586F78A496FC2 /* Pods_RoomPlanner.framework in Frameworks */,
			);
			runOnlyForDeploymentPostprocessing = 0;
		};
/* End PBXFrameworksBuildPhase section */

/* Begin PBXGroup section */
		27016C431DD12623004D98C3 /* View Controller */ = {
			isa = PBXGroup;
			children = (
				27AF3D251DCCD4B4005A727A /* CameraViewController.swift */,
			);
			name = "View Controller";
			sourceTree = "<group>";
		};
		27AF3D171DCCD4B4005A727A = {
			isa = PBXGroup;
			children = (
				27AF3D221DCCD4B4005A727A /* RoomPlanner */,
				27AF3D211DCCD4B4005A727A /* Products */,
				D2E079F91DCF30B4002C38E1 /* Frameworks */,
				6A7E9F1B027C229BD1220E52 /* Pods */,
			);
			sourceTree = "<group>";
		};
		27AF3D211DCCD4B4005A727A /* Products */ = {
			isa = PBXGroup;
			children = (
				27AF3D201DCCD4B4005A727A /* RoomPlanner.app */,
			);
			name = Products;
			sourceTree = "<group>";
		};
		27AF3D221DCCD4B4005A727A /* RoomPlanner */ = {
			isa = PBXGroup;
			children = (
				CD243B2C1DD9A7F60083FFC7 /* Resources */,
				27016C431DD12623004D98C3 /* View Controller */,
				27DCD54B1DD122E3002F69B5 /* OpenCV */,
				D2D615241DCF742D00E9C726 /* Shader */,
				27AF3D231DCCD4B4005A727A /* AppDelegate.swift */,
				27AF3D291DCCD4B4005A727A /* Main.storyboard */,
				27AF3D2C1DCCD4B4005A727A /* Assets.xcassets */,
				27AF3D2E1DCCD4B4005A727A /* LaunchScreen.storyboard */,
				27AF3D311DCCD4B4005A727A /* Info.plist */,
				CD243B391DD9AE0E0083FFC7 /* RoomPlanner.xcdatamodeld */,
				D2E079FE1DCF46CF002C38E1 /* Renderable.swift */,
				D24868ED1DCF6A2900F74375 /* GLHelper.swift */,
				D2FEA31E1DDF059600438A11 /* RenderView.swift */,
				27FD093E1DD38CEB000ACF10 /* CameraStreamController.swift */,
				CD243B3C1DD9B81D0083FFC7 /* ModelObject.swift */,
				CD243B3E1DD9BA820083FFC7 /* DataHelper.swift */,
			);
			path = RoomPlanner;
			sourceTree = "<group>";
		};
		27DCD54B1DD122E3002F69B5 /* OpenCV */ = {
			isa = PBXGroup;
			children = (
				27016C401DD12420004D98C3 /* OpenCV.h */,
				27016C411DD12420004D98C3 /* OpenCV.mm */,
				27016C3F1DD12420004D98C3 /* RoomPlanner-Bridging-Header.h */,
			);
			name = OpenCV;
			sourceTree = "<group>";
		};
		6A7E9F1B027C229BD1220E52 /* Pods */ = {
			isa = PBXGroup;
			children = (
				152F717A71497D29B914BE78 /* Pods-RoomPlanner.debug.xcconfig */,
				93F644106BCAFE659E67ABDF /* Pods-RoomPlanner.release.xcconfig */,
			);
			name = Pods;
			sourceTree = "<group>";
		};
		CD243B2C1DD9A7F60083FFC7 /* Resources */ = {
			isa = PBXGroup;
			children = (
				CD243B2F1DD9A82C0083FFC7 /* Models */,
				CD243B2E1DD9A81C0083FFC7 /* Textures */,
			);
			name = Resources;
			sourceTree = "<group>";
		};
		CD243B2E1DD9A81C0083FFC7 /* Textures */ = {
			isa = PBXGroup;
			children = (
				D2FEA31D1DDEFFC800438A11 /* ROUNDSOFA.mat */,
				D2926BD31DDC8C12004BE72B /* room.jpg */,
				CD243B301DD9A9E20083FFC7 /* RoundSofa_01.jpg */,
				CD243B311DD9A9E20083FFC7 /* RoundSofa_02.jpg */,
				D28AE39F1DD25B64009E8CDD /* wall.jpg */,
			);
			name = Textures;
			sourceTree = "<group>";
		};
		CD243B2F1DD9A82C0083FFC7 /* Models */ = {
			isa = PBXGroup;
			children = (
				CD243B341DD9A9EF0083FFC7 /* RoundSofa.obj */,
			);
			name = Models;
			sourceTree = "<group>";
		};
		D2D615241DCF742D00E9C726 /* Shader */ = {
			isa = PBXGroup;
			children = (
				D2D615251DCF74B100E9C726 /* plane.vsh */,
				D2D615271DCF74FF00E9C726 /* plane.fsh */,
			);
			name = Shader;
			sourceTree = "<group>";
		};
		D2E079F91DCF30B4002C38E1 /* Frameworks */ = {
			isa = PBXGroup;
			children = (
				276FBFB61DD78BC400E5A629 /* opencv2.framework */,
				D2E079FC1DCF3111002C38E1 /* GLKit.framework */,
				D2E079FA1DCF30B4002C38E1 /* OpenGLES.framework */,
				908915E69450BA76D6F9AD24 /* Pods_RoomPlanner.framework */,
			);
			name = Frameworks;
			sourceTree = "<group>";
		};
/* End PBXGroup section */

/* Begin PBXNativeTarget section */
		27AF3D1F1DCCD4B4005A727A /* RoomPlanner */ = {
			isa = PBXNativeTarget;
			buildConfigurationList = 27AF3D341DCCD4B4005A727A /* Build configuration list for PBXNativeTarget "RoomPlanner" */;
			buildPhases = (
				6F244CD6B28DC07413322F61 /* [CP] Check Pods Manifest.lock */,
				27AF3D1C1DCCD4B4005A727A /* Sources */,
				27AF3D1D1DCCD4B4005A727A /* Frameworks */,
				27AF3D1E1DCCD4B4005A727A /* Resources */,
				C1CD63BEA0F987E3502574C0 /* [CP] Embed Pods Frameworks */,
				7916E7E2D921420C391166ED /* [CP] Copy Pods Resources */,
			);
			buildRules = (
			);
			dependencies = (
			);
			name = RoomPlanner;
			productName = RoomPlanner;
			productReference = 27AF3D201DCCD4B4005A727A /* RoomPlanner.app */;
			productType = "com.apple.product-type.application";
		};
/* End PBXNativeTarget section */

/* Begin PBXProject section */
		27AF3D181DCCD4B4005A727A /* Project object */ = {
			isa = PBXProject;
			attributes = {
				KnownAssetTags = (
					New,
				);
				LastSwiftUpdateCheck = 0810;
				LastUpgradeCheck = 0800;
				ORGANIZATIONNAME = AR;
				TargetAttributes = {
					27AF3D1F1DCCD4B4005A727A = {
						CreatedOnToolsVersion = 8.1;
						LastSwiftMigration = 0810;
						ProvisioningStyle = Automatic;
					};
				};
			};
			buildConfigurationList = 27AF3D1B1DCCD4B4005A727A /* Build configuration list for PBXProject "RoomPlanner" */;
			compatibilityVersion = "Xcode 3.2";
			developmentRegion = English;
			hasScannedForEncodings = 0;
			knownRegions = (
				en,
				Base,
			);
			mainGroup = 27AF3D171DCCD4B4005A727A;
			productRefGroup = 27AF3D211DCCD4B4005A727A /* Products */;
			projectDirPath = "";
			projectRoot = "";
			targets = (
				27AF3D1F1DCCD4B4005A727A /* RoomPlanner */,
			);
		};
/* End PBXProject section */

/* Begin PBXResourcesBuildPhase section */
		27AF3D1E1DCCD4B4005A727A /* Resources */ = {
			isa = PBXResourcesBuildPhase;
			buildActionMask = 2147483647;
			files = (
				D2D615281DCF74FF00E9C726 /* plane.fsh in Resources */,
				CD243B351DD9A9EF0083FFC7 /* RoundSofa.obj in Resources */,
				CD243B331DD9A9E20083FFC7 /* RoundSofa_02.jpg in Resources */,
				D28AE3A01DD25B64009E8CDD /* wall.jpg in Resources */,
				27AF3D301DCCD4B4005A727A /* LaunchScreen.storyboard in Resources */,
				CD243B321DD9A9E20083FFC7 /* RoundSofa_01.jpg in Resources */,
				D2926BD41DDC8C12004BE72B /* room.jpg in Resources */,
				27AF3D2D1DCCD4B4005A727A /* Assets.xcassets in Resources */,
				D2D615261DCF74B100E9C726 /* plane.vsh in Resources */,
				27AF3D2B1DCCD4B4005A727A /* Main.storyboard in Resources */,
			);
			runOnlyForDeploymentPostprocessing = 0;
		};
/* End PBXResourcesBuildPhase section */

/* Begin PBXShellScriptBuildPhase section */
		6F244CD6B28DC07413322F61 /* [CP] Check Pods Manifest.lock */ = {
			isa = PBXShellScriptBuildPhase;
			buildActionMask = 2147483647;
			files = (
			);
			inputPaths = (
			);
			name = "[CP] Check Pods Manifest.lock";
			outputPaths = (
			);
			runOnlyForDeploymentPostprocessing = 0;
			shellPath = /bin/sh;
			shellScript = "diff \"${PODS_ROOT}/../Podfile.lock\" \"${PODS_ROOT}/Manifest.lock\" > /dev/null\nif [ $? != 0 ] ; then\n    # print error to STDERR\n    echo \"error: The sandbox is not in sync with the Podfile.lock. Run 'pod install' or update your CocoaPods installation.\" >&2\n    exit 1\nfi\n";
			showEnvVarsInLog = 0;
		};
		7916E7E2D921420C391166ED /* [CP] Copy Pods Resources */ = {
			isa = PBXShellScriptBuildPhase;
			buildActionMask = 2147483647;
			files = (
			);
			inputPaths = (
			);
			name = "[CP] Copy Pods Resources";
			outputPaths = (
			);
			runOnlyForDeploymentPostprocessing = 0;
			shellPath = /bin/sh;
			shellScript = "\"${SRCROOT}/Pods/Target Support Files/Pods-RoomPlanner/Pods-RoomPlanner-resources.sh\"\n";
			showEnvVarsInLog = 0;
		};
		C1CD63BEA0F987E3502574C0 /* [CP] Embed Pods Frameworks */ = {
			isa = PBXShellScriptBuildPhase;
			buildActionMask = 2147483647;
			files = (
			);
			inputPaths = (
			);
			name = "[CP] Embed Pods Frameworks";
			outputPaths = (
			);
			runOnlyForDeploymentPostprocessing = 0;
			shellPath = /bin/sh;
			shellScript = "\"${SRCROOT}/Pods/Target Support Files/Pods-RoomPlanner/Pods-RoomPlanner-frameworks.sh\"\n";
			showEnvVarsInLog = 0;
		};
/* End PBXShellScriptBuildPhase section */

/* Begin PBXSourcesBuildPhase section */
		27AF3D1C1DCCD4B4005A727A /* Sources */ = {
			isa = PBXSourcesBuildPhase;
			buildActionMask = 2147483647;
			files = (
				D2E079FF1DCF46CF002C38E1 /* Renderable.swift in Sources */,
				CD243B3D1DD9B81D0083FFC7 /* ModelObject.swift in Sources */,
				D24868EE1DCF6A2900F74375 /* GLHelper.swift in Sources */,
				27AF3D241DCCD4B4005A727A /* AppDelegate.swift in Sources */,
				27FD093F1DD38CEB000ACF10 /* CameraStreamController.swift in Sources */,
				CD243B3F1DD9BA820083FFC7 /* DataHelper.swift in Sources */,
				27016C421DD12420004D98C3 /* OpenCV.mm in Sources */,
				CD243B3B1DD9AE0E0083FFC7 /* RoomPlanner.xcdatamodeld in Sources */,
				27AF3D261DCCD4B4005A727A /* CameraViewController.swift in Sources */,
				D2FEA31F1DDF059600438A11 /* RenderView.swift in Sources */,
			);
			runOnlyForDeploymentPostprocessing = 0;
		};
/* End PBXSourcesBuildPhase section */

/* Begin PBXVariantGroup section */
		27AF3D291DCCD4B4005A727A /* Main.storyboard */ = {
			isa = PBXVariantGroup;
			children = (
				27AF3D2A1DCCD4B4005A727A /* Base */,
			);
			name = Main.storyboard;
			sourceTree = "<group>";
		};
		27AF3D2E1DCCD4B4005A727A /* LaunchScreen.storyboard */ = {
			isa = PBXVariantGroup;
			children = (
				27AF3D2F1DCCD4B4005A727A /* Base */,
			);
			name = LaunchScreen.storyboard;
			sourceTree = "<group>";
		};
/* End PBXVariantGroup section */

/* Begin XCBuildConfiguration section */
		27AF3D321DCCD4B4005A727A /* Debug */ = {
			isa = XCBuildConfiguration;
			buildSettings = {
				ALWAYS_SEARCH_USER_PATHS = NO;
				CLANG_ANALYZER_NONNULL = YES;
				CLANG_CXX_LANGUAGE_STANDARD = "gnu++0x";
				CLANG_CXX_LIBRARY = "libc++";
				CLANG_ENABLE_MODULES = YES;
				CLANG_ENABLE_OBJC_ARC = YES;
				CLANG_WARN_BOOL_CONVERSION = YES;
				CLANG_WARN_CONSTANT_CONVERSION = YES;
				CLANG_WARN_DIRECT_OBJC_ISA_USAGE = YES_ERROR;
				CLANG_WARN_DOCUMENTATION_COMMENTS = YES;
				CLANG_WARN_EMPTY_BODY = YES;
				CLANG_WARN_ENUM_CONVERSION = YES;
				CLANG_WARN_INFINITE_RECURSION = YES;
				CLANG_WARN_INT_CONVERSION = YES;
				CLANG_WARN_OBJC_ROOT_CLASS = YES_ERROR;
				CLANG_WARN_SUSPICIOUS_MOVE = YES;
				CLANG_WARN_SUSPICIOUS_MOVES = YES;
				CLANG_WARN_UNREACHABLE_CODE = YES;
				CLANG_WARN__DUPLICATE_METHOD_MATCH = YES;
				"CODE_SIGN_IDENTITY[sdk=iphoneos*]" = "iPhone Developer";
				COPY_PHASE_STRIP = NO;
				DEBUG_INFORMATION_FORMAT = dwarf;
				ENABLE_STRICT_OBJC_MSGSEND = YES;
				ENABLE_TESTABILITY = YES;
				GCC_C_LANGUAGE_STANDARD = gnu99;
				GCC_DYNAMIC_NO_PIC = NO;
				GCC_NO_COMMON_BLOCKS = YES;
				GCC_OPTIMIZATION_LEVEL = 0;
				GCC_PREPROCESSOR_DEFINITIONS = (
					"DEBUG=1",
					"$(inherited)",
				);
				GCC_WARN_64_TO_32_BIT_CONVERSION = YES;
				GCC_WARN_ABOUT_RETURN_TYPE = YES_ERROR;
				GCC_WARN_UNDECLARED_SELECTOR = YES;
				GCC_WARN_UNINITIALIZED_AUTOS = YES_AGGRESSIVE;
				GCC_WARN_UNUSED_FUNCTION = YES;
				GCC_WARN_UNUSED_VARIABLE = YES;
				IPHONEOS_DEPLOYMENT_TARGET = 10.1;
				MTL_ENABLE_DEBUG_INFO = YES;
				ONLY_ACTIVE_ARCH = YES;
				SDKROOT = iphoneos;
				SWIFT_ACTIVE_COMPILATION_CONDITIONS = DEBUG;
				SWIFT_OPTIMIZATION_LEVEL = "-Onone";
			};
			name = Debug;
		};
		27AF3D331DCCD4B4005A727A /* Release */ = {
			isa = XCBuildConfiguration;
			buildSettings = {
				ALWAYS_SEARCH_USER_PATHS = NO;
				CLANG_ANALYZER_NONNULL = YES;
				CLANG_CXX_LANGUAGE_STANDARD = "gnu++0x";
				CLANG_CXX_LIBRARY = "libc++";
				CLANG_ENABLE_MODULES = YES;
				CLANG_ENABLE_OBJC_ARC = YES;
				CLANG_WARN_BOOL_CONVERSION = YES;
				CLANG_WARN_CONSTANT_CONVERSION = YES;
				CLANG_WARN_DIRECT_OBJC_ISA_USAGE = YES_ERROR;
				CLANG_WARN_DOCUMENTATION_COMMENTS = YES;
				CLANG_WARN_EMPTY_BODY = YES;
				CLANG_WARN_ENUM_CONVERSION = YES;
				CLANG_WARN_INFINITE_RECURSION = YES;
				CLANG_WARN_INT_CONVERSION = YES;
				CLANG_WARN_OBJC_ROOT_CLASS = YES_ERROR;
				CLANG_WARN_SUSPICIOUS_MOVE = YES;
				CLANG_WARN_SUSPICIOUS_MOVES = YES;
				CLANG_WARN_UNREACHABLE_CODE = YES;
				CLANG_WARN__DUPLICATE_METHOD_MATCH = YES;
				"CODE_SIGN_IDENTITY[sdk=iphoneos*]" = "iPhone Developer";
				COPY_PHASE_STRIP = NO;
				DEBUG_INFORMATION_FORMAT = "dwarf-with-dsym";
				ENABLE_NS_ASSERTIONS = NO;
				ENABLE_STRICT_OBJC_MSGSEND = YES;
				GCC_C_LANGUAGE_STANDARD = gnu99;
				GCC_NO_COMMON_BLOCKS = YES;
				GCC_WARN_64_TO_32_BIT_CONVERSION = YES;
				GCC_WARN_ABOUT_RETURN_TYPE = YES_ERROR;
				GCC_WARN_UNDECLARED_SELECTOR = YES;
				GCC_WARN_UNINITIALIZED_AUTOS = YES_AGGRESSIVE;
				GCC_WARN_UNUSED_FUNCTION = YES;
				GCC_WARN_UNUSED_VARIABLE = YES;
				IPHONEOS_DEPLOYMENT_TARGET = 10.1;
				MTL_ENABLE_DEBUG_INFO = NO;
				SDKROOT = iphoneos;
				SWIFT_OPTIMIZATION_LEVEL = "-Owholemodule";
				VALIDATE_PRODUCT = YES;
			};
			name = Release;
		};
		27AF3D351DCCD4B4005A727A /* Debug */ = {
			isa = XCBuildConfiguration;
			baseConfigurationReference = 152F717A71497D29B914BE78 /* Pods-RoomPlanner.debug.xcconfig */;
			buildSettings = {
				ALWAYS_EMBED_SWIFT_STANDARD_LIBRARIES = YES;
				ASSETCATALOG_COMPILER_APPICON_NAME = AppIcon;
				CLANG_ENABLE_MODULES = YES;
				DEVELOPMENT_TEAM = "";
				FRAMEWORK_SEARCH_PATHS = (
					"$(inherited)",
					"$(PROJECT_DIR)/Pods/OpenCV",
				);
				INFOPLIST_FILE = RoomPlanner/Info.plist;
				IPHONEOS_DEPLOYMENT_TARGET = 9.0;
				LD_RUNPATH_SEARCH_PATHS = "$(inherited) @executable_path/Frameworks";
				PRODUCT_BUNDLE_IDENTIFIER = HTW.AR.RoomPlanner;
				PRODUCT_NAME = "$(TARGET_NAME)";
				SWIFT_OBJC_BRIDGING_HEADER = "RoomPlanner/RoomPlanner-Bridging-Header.h";
				SWIFT_OPTIMIZATION_LEVEL = "-Onone";
				SWIFT_VERSION = 3.0;
			};
			name = Debug;
		};
		27AF3D361DCCD4B4005A727A /* Release */ = {
			isa = XCBuildConfiguration;
			baseConfigurationReference = 93F644106BCAFE659E67ABDF /* Pods-RoomPlanner.release.xcconfig */;
			buildSettings = {
				ALWAYS_EMBED_SWIFT_STANDARD_LIBRARIES = YES;
				ASSETCATALOG_COMPILER_APPICON_NAME = AppIcon;
				CLANG_ENABLE_MODULES = YES;
				DEVELOPMENT_TEAM = "";
				FRAMEWORK_SEARCH_PATHS = (
					"$(inherited)",
					"$(PROJECT_DIR)/Pods/OpenCV",
				);
				INFOPLIST_FILE = RoomPlanner/Info.plist;
				IPHONEOS_DEPLOYMENT_TARGET = 9.0;
				LD_RUNPATH_SEARCH_PATHS = "$(inherited) @executable_path/Frameworks";
				PRODUCT_BUNDLE_IDENTIFIER = HTW.AR.RoomPlanner;
				PRODUCT_NAME = "$(TARGET_NAME)";
				SWIFT_OBJC_BRIDGING_HEADER = "RoomPlanner/RoomPlanner-Bridging-Header.h";
				SWIFT_VERSION = 3.0;
			};
			name = Release;
		};
/* End XCBuildConfiguration section */

/* Begin XCConfigurationList section */
		27AF3D1B1DCCD4B4005A727A /* Build configuration list for PBXProject "RoomPlanner" */ = {
			isa = XCConfigurationList;
			buildConfigurations = (
				27AF3D321DCCD4B4005A727A /* Debug */,
				27AF3D331DCCD4B4005A727A /* Release */,
			);
			defaultConfigurationIsVisible = 0;
			defaultConfigurationName = Release;
		};
		27AF3D341DCCD4B4005A727A /* Build configuration list for PBXNativeTarget "RoomPlanner" */ = {
			isa = XCConfigurationList;
			buildConfigurations = (
				27AF3D351DCCD4B4005A727A /* Debug */,
				27AF3D361DCCD4B4005A727A /* Release */,
			);
			defaultConfigurationIsVisible = 0;
			defaultConfigurationName = Release;
		};
/* End XCConfigurationList section */

/* Begin XCVersionGroup section */
		CD243B391DD9AE0E0083FFC7 /* RoomPlanner.xcdatamodeld */ = {
			isa = XCVersionGroup;
			children = (
				CD243B3A1DD9AE0E0083FFC7 /* RoomPlanner.xcdatamodel */,
			);
			currentVersion = CD243B3A1DD9AE0E0083FFC7 /* RoomPlanner.xcdatamodel */;
			path = RoomPlanner.xcdatamodeld;
			sourceTree = "<group>";
			versionGroupType = wrapper.xcdatamodel;
		};
/* End XCVersionGroup section */
	};
	rootObject = 27AF3D181DCCD4B4005A727A /* Project object */;
}
